// !$*UTF8*$!
{
	archiveVersion = 1;
	classes = {
	};
	objectVersion = 50;
	objects = {

/* Begin PBXBuildFile section */
		85169D5E1E88AA20F434FB60 /* Pods_AirGaliciaTests.framework in Frameworks */ = {isa = PBXBuildFile; fileRef = 4CA29296FABF98D1276B22C1 /* Pods_AirGaliciaTests.framework */; };
		93CE2303132FC9D8DA76451F /* Pods_AirGaliciaUITests.framework in Frameworks */ = {isa = PBXBuildFile; fileRef = C3CCC14D9DBC62C66540F0AB /* Pods_AirGaliciaUITests.framework */; };
		BC0410BD217B620300EE2C01 /* PassengerTableViewCell.swift in Sources */ = {isa = PBXBuildFile; fileRef = BC0410BC217B620300EE2C01 /* PassengerTableViewCell.swift */; };
		BC20122F215AE21D00F98B7A /* ApiManager.swift in Sources */ = {isa = PBXBuildFile; fileRef = BC20122E215AE21D00F98B7A /* ApiManager.swift */; };
		BC201231215AE24F00F98B7A /* Airport.swift in Sources */ = {isa = PBXBuildFile; fileRef = BC201230215AE24F00F98B7A /* Airport.swift */; };
		BC20123A215D6B4200F98B7A /* AirportSearchCell.swift in Sources */ = {isa = PBXBuildFile; fileRef = BC201239215D6B4200F98B7A /* AirportSearchCell.swift */; };
		BC20123C215D7E2900F98B7A /* Schedule.swift in Sources */ = {isa = PBXBuildFile; fileRef = BC20123B215D7E2900F98B7A /* Schedule.swift */; };
		BC20123E215D7F8900F98B7A /* Timetable.swift in Sources */ = {isa = PBXBuildFile; fileRef = BC20123D215D7F8900F98B7A /* Timetable.swift */; };
		BC268BB9215F9A1800FE9FD4 /* Podfile in Resources */ = {isa = PBXBuildFile; fileRef = BC268BB8215F9A1800FE9FD4 /* Podfile */; };
		BC414CCA2161003900649D6F /* Passenger.swift in Sources */ = {isa = PBXBuildFile; fileRef = BC414CC92161003900649D6F /* Passenger.swift */; };
		BC414CCC2161025000649D6F /* Booking.swift in Sources */ = {isa = PBXBuildFile; fileRef = BC414CCB2161025000649D6F /* Booking.swift */; };
		BC414CCE2161028A00649D6F /* BoardingPass.swift in Sources */ = {isa = PBXBuildFile; fileRef = BC414CCD2161028A00649D6F /* BoardingPass.swift */; };
		BC414CD22161036100649D6F /* Util.swift in Sources */ = {isa = PBXBuildFile; fileRef = BC414CD12161036100649D6F /* Util.swift */; };
		BC414CD521611AA000649D6F /* FlightDateViewController.swift in Sources */ = {isa = PBXBuildFile; fileRef = BC414CD421611AA000649D6F /* FlightDateViewController.swift */; };
		BCCB36F521541BCF00114C39 /* AppDelegate.swift in Sources */ = {isa = PBXBuildFile; fileRef = BCCB36F421541BCF00114C39 /* AppDelegate.swift */; };
		BCCB36F721541BCF00114C39 /* SearchViewController.swift in Sources */ = {isa = PBXBuildFile; fileRef = BCCB36F621541BCF00114C39 /* SearchViewController.swift */; };
		BCCB36F921541BCF00114C39 /* TripsViewController.swift in Sources */ = {isa = PBXBuildFile; fileRef = BCCB36F821541BCF00114C39 /* TripsViewController.swift */; };
		BCCB36FC21541BCF00114C39 /* Main.storyboard in Resources */ = {isa = PBXBuildFile; fileRef = BCCB36FA21541BCF00114C39 /* Main.storyboard */; };
		BCCB370121541BD000114C39 /* LaunchScreen.storyboard in Resources */ = {isa = PBXBuildFile; fileRef = BCCB36FF21541BD000114C39 /* LaunchScreen.storyboard */; };
		BCCB370C21541BD000114C39 /* AirGaliciaTests.swift in Sources */ = {isa = PBXBuildFile; fileRef = BCCB370B21541BD000114C39 /* AirGaliciaTests.swift */; };
		BCCB371721541BD000114C39 /* AirGaliciaUITests.swift in Sources */ = {isa = PBXBuildFile; fileRef = BCCB371621541BD000114C39 /* AirGaliciaUITests.swift */; };
		BCCB372521541C9000114C39 /* BaseViewController.swift in Sources */ = {isa = PBXBuildFile; fileRef = BCCB372421541C9000114C39 /* BaseViewController.swift */; };
		BCCB372721541F1C00114C39 /* BoardingPassesViewController.swift in Sources */ = {isa = PBXBuildFile; fileRef = BCCB372621541F1C00114C39 /* BoardingPassesViewController.swift */; };
		BCCB37292154201600114C39 /* AccountViewController.swift in Sources */ = {isa = PBXBuildFile; fileRef = BCCB37282154201600114C39 /* AccountViewController.swift */; };
		BCCB372B215425F600114C39 /* Assets.xcassets in Resources */ = {isa = PBXBuildFile; fileRef = BCCB372A215425F600114C39 /* Assets.xcassets */; };
		BCE38233217A32F700C37C21 /* PassengersViewController.swift in Sources */ = {isa = PBXBuildFile; fileRef = BCE38232217A32F700C37C21 /* PassengersViewController.swift */; };
		BCE4178F21545570001A71D2 /* AirportsViewController.swift in Sources */ = {isa = PBXBuildFile; fileRef = BCE4178E21545570001A71D2 /* AirportsViewController.swift */; };
		CEECBF18A1308B2F4A787422 /* Pods_AirGalicia.framework in Frameworks */ = {isa = PBXBuildFile; fileRef = 28CB9D546F387E9F872080B4 /* Pods_AirGalicia.framework */; };
/* End PBXBuildFile section */

/* Begin PBXContainerItemProxy section */
		BCCB370821541BD000114C39 /* PBXContainerItemProxy */ = {
			isa = PBXContainerItemProxy;
			containerPortal = BCCB36E921541BCF00114C39 /* Project object */;
			proxyType = 1;
			remoteGlobalIDString = BCCB36F021541BCF00114C39;
			remoteInfo = AirGalicia;
		};
		BCCB371321541BD000114C39 /* PBXContainerItemProxy */ = {
			isa = PBXContainerItemProxy;
			containerPortal = BCCB36E921541BCF00114C39 /* Project object */;
			proxyType = 1;
			remoteGlobalIDString = BCCB36F021541BCF00114C39;
			remoteInfo = AirGalicia;
		};
/* End PBXContainerItemProxy section */

/* Begin PBXFileReference section */
		28CB9D546F387E9F872080B4 /* Pods_AirGalicia.framework */ = {isa = PBXFileReference; explicitFileType = wrapper.framework; includeInIndex = 0; path = Pods_AirGalicia.framework; sourceTree = BUILT_PRODUCTS_DIR; };
		36649AEFF41B50993C35DA8D /* Pods-AirGaliciaUITests.release.xcconfig */ = {isa = PBXFileReference; includeInIndex = 1; lastKnownFileType = text.xcconfig; name = "Pods-AirGaliciaUITests.release.xcconfig"; path = "Pods/Target Support Files/Pods-AirGaliciaUITests/Pods-AirGaliciaUITests.release.xcconfig"; sourceTree = "<group>"; };
		4CA29296FABF98D1276B22C1 /* Pods_AirGaliciaTests.framework */ = {isa = PBXFileReference; explicitFileType = wrapper.framework; includeInIndex = 0; path = Pods_AirGaliciaTests.framework; sourceTree = BUILT_PRODUCTS_DIR; };
		4DAC3301A2893EE17823577B /* Pods-AirGalicia.debug.xcconfig */ = {isa = PBXFileReference; includeInIndex = 1; lastKnownFileType = text.xcconfig; name = "Pods-AirGalicia.debug.xcconfig"; path = "Pods/Target Support Files/Pods-AirGalicia/Pods-AirGalicia.debug.xcconfig"; sourceTree = "<group>"; };
		50F1EABFA048A46B9E6D03F9 /* Pods-AirGalicia.release.xcconfig */ = {isa = PBXFileReference; includeInIndex = 1; lastKnownFileType = text.xcconfig; name = "Pods-AirGalicia.release.xcconfig"; path = "Pods/Target Support Files/Pods-AirGalicia/Pods-AirGalicia.release.xcconfig"; sourceTree = "<group>"; };
		8419A39DD15142B5F6B1E14C /* Pods-AirGaliciaUITests.debug.xcconfig */ = {isa = PBXFileReference; includeInIndex = 1; lastKnownFileType = text.xcconfig; name = "Pods-AirGaliciaUITests.debug.xcconfig"; path = "Pods/Target Support Files/Pods-AirGaliciaUITests/Pods-AirGaliciaUITests.debug.xcconfig"; sourceTree = "<group>"; };
		87C95D3067890ECF5D334AEF /* Pods-AirGaliciaTests.debug.xcconfig */ = {isa = PBXFileReference; includeInIndex = 1; lastKnownFileType = text.xcconfig; name = "Pods-AirGaliciaTests.debug.xcconfig"; path = "Pods/Target Support Files/Pods-AirGaliciaTests/Pods-AirGaliciaTests.debug.xcconfig"; sourceTree = "<group>"; };
		BC0410BC217B620300EE2C01 /* PassengerTableViewCell.swift */ = {isa = PBXFileReference; lastKnownFileType = sourcecode.swift; path = PassengerTableViewCell.swift; sourceTree = "<group>"; };
		BC20122E215AE21D00F98B7A /* ApiManager.swift */ = {isa = PBXFileReference; lastKnownFileType = sourcecode.swift; path = ApiManager.swift; sourceTree = "<group>"; };
		BC201230215AE24F00F98B7A /* Airport.swift */ = {isa = PBXFileReference; lastKnownFileType = sourcecode.swift; path = Airport.swift; sourceTree = "<group>"; };
		BC201239215D6B4200F98B7A /* AirportSearchCell.swift */ = {isa = PBXFileReference; lastKnownFileType = sourcecode.swift; path = AirportSearchCell.swift; sourceTree = "<group>"; };
		BC20123B215D7E2900F98B7A /* Schedule.swift */ = {isa = PBXFileReference; lastKnownFileType = sourcecode.swift; path = Schedule.swift; sourceTree = "<group>"; };
		BC20123D215D7F8900F98B7A /* Timetable.swift */ = {isa = PBXFileReference; lastKnownFileType = sourcecode.swift; path = Timetable.swift; sourceTree = "<group>"; };
		BC268BB8215F9A1800FE9FD4 /* Podfile */ = {isa = PBXFileReference; fileEncoding = 4; lastKnownFileType = text; path = Podfile; sourceTree = "<group>"; };
		BC414CC92161003900649D6F /* Passenger.swift */ = {isa = PBXFileReference; lastKnownFileType = sourcecode.swift; path = Passenger.swift; sourceTree = "<group>"; };
		BC414CCB2161025000649D6F /* Booking.swift */ = {isa = PBXFileReference; fileEncoding = 4; lastKnownFileType = sourcecode.swift; name = Booking.swift; path = AirGalicia/Model/Booking.swift; sourceTree = SOURCE_ROOT; };
		BC414CCD2161028A00649D6F /* BoardingPass.swift */ = {isa = PBXFileReference; lastKnownFileType = sourcecode.swift; path = BoardingPass.swift; sourceTree = "<group>"; };
		BC414CD12161036100649D6F /* Util.swift */ = {isa = PBXFileReference; lastKnownFileType = sourcecode.swift; path = Util.swift; sourceTree = "<group>"; };
		BC414CD421611AA000649D6F /* FlightDateViewController.swift */ = {isa = PBXFileReference; lastKnownFileType = sourcecode.swift; path = FlightDateViewController.swift; sourceTree = "<group>"; };
		BCCB36F121541BCF00114C39 /* AirGalicia.app */ = {isa = PBXFileReference; explicitFileType = wrapper.application; includeInIndex = 0; path = AirGalicia.app; sourceTree = BUILT_PRODUCTS_DIR; };
		BCCB36F421541BCF00114C39 /* AppDelegate.swift */ = {isa = PBXFileReference; lastKnownFileType = sourcecode.swift; path = AppDelegate.swift; sourceTree = "<group>"; };
		BCCB36F621541BCF00114C39 /* SearchViewController.swift */ = {isa = PBXFileReference; lastKnownFileType = sourcecode.swift; path = SearchViewController.swift; sourceTree = "<group>"; };
		BCCB36F821541BCF00114C39 /* TripsViewController.swift */ = {isa = PBXFileReference; lastKnownFileType = sourcecode.swift; path = TripsViewController.swift; sourceTree = "<group>"; };
		BCCB36FB21541BCF00114C39 /* Base */ = {isa = PBXFileReference; lastKnownFileType = file.storyboard; name = Base; path = Base.lproj/Main.storyboard; sourceTree = "<group>"; };
		BCCB370021541BD000114C39 /* Base */ = {isa = PBXFileReference; lastKnownFileType = file.storyboard; name = Base; path = Base.lproj/LaunchScreen.storyboard; sourceTree = "<group>"; };
		BCCB370221541BD000114C39 /* Info.plist */ = {isa = PBXFileReference; lastKnownFileType = text.plist.xml; path = Info.plist; sourceTree = "<group>"; };
		BCCB370721541BD000114C39 /* AirGaliciaTests.xctest */ = {isa = PBXFileReference; explicitFileType = wrapper.cfbundle; includeInIndex = 0; path = AirGaliciaTests.xctest; sourceTree = BUILT_PRODUCTS_DIR; };
		BCCB370B21541BD000114C39 /* AirGaliciaTests.swift */ = {isa = PBXFileReference; lastKnownFileType = sourcecode.swift; path = AirGaliciaTests.swift; sourceTree = "<group>"; };
		BCCB370D21541BD000114C39 /* Info.plist */ = {isa = PBXFileReference; lastKnownFileType = text.plist.xml; path = Info.plist; sourceTree = "<group>"; };
		BCCB371221541BD000114C39 /* AirGaliciaUITests.xctest */ = {isa = PBXFileReference; explicitFileType = wrapper.cfbundle; includeInIndex = 0; path = AirGaliciaUITests.xctest; sourceTree = BUILT_PRODUCTS_DIR; };
		BCCB371621541BD000114C39 /* AirGaliciaUITests.swift */ = {isa = PBXFileReference; lastKnownFileType = sourcecode.swift; path = AirGaliciaUITests.swift; sourceTree = "<group>"; };
		BCCB371821541BD000114C39 /* Info.plist */ = {isa = PBXFileReference; lastKnownFileType = text.plist.xml; path = Info.plist; sourceTree = "<group>"; };
		BCCB372421541C9000114C39 /* BaseViewController.swift */ = {isa = PBXFileReference; lastKnownFileType = sourcecode.swift; path = BaseViewController.swift; sourceTree = "<group>"; };
		BCCB372621541F1C00114C39 /* BoardingPassesViewController.swift */ = {isa = PBXFileReference; lastKnownFileType = sourcecode.swift; path = BoardingPassesViewController.swift; sourceTree = "<group>"; };
		BCCB37282154201600114C39 /* AccountViewController.swift */ = {isa = PBXFileReference; lastKnownFileType = sourcecode.swift; path = AccountViewController.swift; sourceTree = "<group>"; };
		BCCB372A215425F600114C39 /* Assets.xcassets */ = {isa = PBXFileReference; lastKnownFileType = folder.assetcatalog; path = Assets.xcassets; sourceTree = "<group>"; };
		BCE38232217A32F700C37C21 /* PassengersViewController.swift */ = {isa = PBXFileReference; lastKnownFileType = sourcecode.swift; path = PassengersViewController.swift; sourceTree = "<group>"; };
		BCE4178E21545570001A71D2 /* AirportsViewController.swift */ = {isa = PBXFileReference; lastKnownFileType = sourcecode.swift; path = AirportsViewController.swift; sourceTree = "<group>"; };
		C3CCC14D9DBC62C66540F0AB /* Pods_AirGaliciaUITests.framework */ = {isa = PBXFileReference; explicitFileType = wrapper.framework; includeInIndex = 0; path = Pods_AirGaliciaUITests.framework; sourceTree = BUILT_PRODUCTS_DIR; };
		D3D77605D15EEF7DAAF362B1 /* Pods-AirGaliciaTests.release.xcconfig */ = {isa = PBXFileReference; includeInIndex = 1; lastKnownFileType = text.xcconfig; name = "Pods-AirGaliciaTests.release.xcconfig"; path = "Pods/Target Support Files/Pods-AirGaliciaTests/Pods-AirGaliciaTests.release.xcconfig"; sourceTree = "<group>"; };
/* End PBXFileReference section */

/* Begin PBXFrameworksBuildPhase section */
		BCCB36EE21541BCF00114C39 /* Frameworks */ = {
			isa = PBXFrameworksBuildPhase;
			buildActionMask = 2147483647;
			files = (
				CEECBF18A1308B2F4A787422 /* Pods_AirGalicia.framework in Frameworks */,
			);
			runOnlyForDeploymentPostprocessing = 0;
		};
		BCCB370421541BD000114C39 /* Frameworks */ = {
			isa = PBXFrameworksBuildPhase;
			buildActionMask = 2147483647;
			files = (
				85169D5E1E88AA20F434FB60 /* Pods_AirGaliciaTests.framework in Frameworks */,
			);
			runOnlyForDeploymentPostprocessing = 0;
		};
		BCCB370F21541BD000114C39 /* Frameworks */ = {
			isa = PBXFrameworksBuildPhase;
			buildActionMask = 2147483647;
			files = (
				93CE2303132FC9D8DA76451F /* Pods_AirGaliciaUITests.framework in Frameworks */,
			);
			runOnlyForDeploymentPostprocessing = 0;
		};
/* End PBXFrameworksBuildPhase section */

/* Begin PBXGroup section */
		2CA930BAD10DAA0C259C17FE /* Frameworks */ = {
			isa = PBXGroup;
			children = (
				28CB9D546F387E9F872080B4 /* Pods_AirGalicia.framework */,
				4CA29296FABF98D1276B22C1 /* Pods_AirGaliciaTests.framework */,
				C3CCC14D9DBC62C66540F0AB /* Pods_AirGaliciaUITests.framework */,
			);
			name = Frameworks;
			sourceTree = "<group>";
		};
		8F9F5DF392D2168B1EE61F8C /* Pods */ = {
			isa = PBXGroup;
			children = (
				4DAC3301A2893EE17823577B /* Pods-AirGalicia.debug.xcconfig */,
				50F1EABFA048A46B9E6D03F9 /* Pods-AirGalicia.release.xcconfig */,
				87C95D3067890ECF5D334AEF /* Pods-AirGaliciaTests.debug.xcconfig */,
				D3D77605D15EEF7DAAF362B1 /* Pods-AirGaliciaTests.release.xcconfig */,
				8419A39DD15142B5F6B1E14C /* Pods-AirGaliciaUITests.debug.xcconfig */,
				36649AEFF41B50993C35DA8D /* Pods-AirGaliciaUITests.release.xcconfig */,
			);
			name = Pods;
			sourceTree = "<group>";
		};
		BC20122D215AE20D00F98B7A /* Model */ = {
			isa = PBXGroup;
			children = (
				BC20122E215AE21D00F98B7A /* ApiManager.swift */,
				BC201230215AE24F00F98B7A /* Airport.swift */,
				BC414CCB2161025000649D6F /* Booking.swift */,
				BC20123B215D7E2900F98B7A /* Schedule.swift */,
				BC20123D215D7F8900F98B7A /* Timetable.swift */,
				BC414CC92161003900649D6F /* Passenger.swift */,
				BC414CCD2161028A00649D6F /* BoardingPass.swift */,
				BC414CD12161036100649D6F /* Util.swift */,
			);
			path = Model;
			sourceTree = "<group>";
		};
		BC201233215D69E600F98B7A /* Presentation */ = {
			isa = PBXGroup;
			children = (
				BC201238215D6AB200F98B7A /* Account */,
				BC201235215D6A4700F98B7A /* Airports */,
				BCCB372421541C9000114C39 /* BaseViewController.swift */,
				BC201237215D6A7B00F98B7A /* BoardingPasses */,
				BC414CD32161113000649D6F /* FlightDate */,
				BCE38231217A32D000C37C21 /* Passengers */,
				BC201234215D69F900F98B7A /* Search */,
				BC201236215D6A5F00F98B7A /* Trips */,
			);
			path = Presentation;
			sourceTree = "<group>";
		};
		BC201234215D69F900F98B7A /* Search */ = {
			isa = PBXGroup;
			children = (
				BCCB36F621541BCF00114C39 /* SearchViewController.swift */,
			);
			path = Search;
			sourceTree = "<group>";
		};
		BC201235215D6A4700F98B7A /* Airports */ = {
			isa = PBXGroup;
			children = (
				BCE4178E21545570001A71D2 /* AirportsViewController.swift */,
				BC201239215D6B4200F98B7A /* AirportSearchCell.swift */,
			);
			path = Airports;
			sourceTree = "<group>";
		};
		BC201236215D6A5F00F98B7A /* Trips */ = {
			isa = PBXGroup;
			children = (
				BCCB36F821541BCF00114C39 /* TripsViewController.swift */,
			);
			path = Trips;
			sourceTree = "<group>";
		};
		BC201237215D6A7B00F98B7A /* BoardingPasses */ = {
			isa = PBXGroup;
			children = (
				BCCB372621541F1C00114C39 /* BoardingPassesViewController.swift */,
			);
			path = BoardingPasses;
			sourceTree = "<group>";
		};
		BC201238215D6AB200F98B7A /* Account */ = {
			isa = PBXGroup;
			children = (
				BCCB37282154201600114C39 /* AccountViewController.swift */,
			);
			path = Account;
			sourceTree = "<group>";
		};
		BC414CD32161113000649D6F /* FlightDate */ = {
			isa = PBXGroup;
			children = (
				BC414CD421611AA000649D6F /* FlightDateViewController.swift */,
			);
			path = FlightDate;
			sourceTree = "<group>";
		};
		BCCB36E821541BCF00114C39 = {
			isa = PBXGroup;
			children = (
				BC268BB8215F9A1800FE9FD4 /* Podfile */,
				BCCB36F321541BCF00114C39 /* AirGalicia */,
				BCCB370A21541BD000114C39 /* AirGaliciaTests */,
				BCCB371521541BD000114C39 /* AirGaliciaUITests */,
				BCCB36F221541BCF00114C39 /* Products */,
				8F9F5DF392D2168B1EE61F8C /* Pods */,
				2CA930BAD10DAA0C259C17FE /* Frameworks */,
			);
			sourceTree = "<group>";
		};
		BCCB36F221541BCF00114C39 /* Products */ = {
			isa = PBXGroup;
			children = (
				BCCB36F121541BCF00114C39 /* AirGalicia.app */,
				BCCB370721541BD000114C39 /* AirGaliciaTests.xctest */,
				BCCB371221541BD000114C39 /* AirGaliciaUITests.xctest */,
			);
			name = Products;
			sourceTree = "<group>";
		};
		BCCB36F321541BCF00114C39 /* AirGalicia */ = {
			isa = PBXGroup;
			children = (
				BCCB36F421541BCF00114C39 /* AppDelegate.swift */,
				BCCB372A215425F600114C39 /* Assets.xcassets */,
				BCCB370221541BD000114C39 /* Info.plist */,
				BCCB36FF21541BD000114C39 /* LaunchScreen.storyboard */,
				BCCB36FA21541BCF00114C39 /* Main.storyboard */,
				BC20122D215AE20D00F98B7A /* Model */,
				BC201233215D69E600F98B7A /* Presentation */,
			);
			path = AirGalicia;
			sourceTree = "<group>";
		};
		BCCB370A21541BD000114C39 /* AirGaliciaTests */ = {
			isa = PBXGroup;
			children = (
				BCCB370B21541BD000114C39 /* AirGaliciaTests.swift */,
				BCCB370D21541BD000114C39 /* Info.plist */,
			);
			path = AirGaliciaTests;
			sourceTree = "<group>";
		};
		BCCB371521541BD000114C39 /* AirGaliciaUITests */ = {
			isa = PBXGroup;
			children = (
				BCCB371621541BD000114C39 /* AirGaliciaUITests.swift */,
				BCCB371821541BD000114C39 /* Info.plist */,
			);
			path = AirGaliciaUITests;
			sourceTree = "<group>";
		};
		BCE38231217A32D000C37C21 /* Passengers */ = {
			isa = PBXGroup;
			children = (
				BCE38232217A32F700C37C21 /* PassengersViewController.swift */,
				BC0410BC217B620300EE2C01 /* PassengerTableViewCell.swift */,
			);
			path = Passengers;
			sourceTree = "<group>";
		};
/* End PBXGroup section */

/* Begin PBXNativeTarget section */
		BCCB36F021541BCF00114C39 /* AirGalicia */ = {
			isa = PBXNativeTarget;
			buildConfigurationList = BCCB371B21541BD000114C39 /* Build configuration list for PBXNativeTarget "AirGalicia" */;
			buildPhases = (
				7A01EDE341B7721B852DE256 /* [CP] Check Pods Manifest.lock */,
				BCCB36ED21541BCF00114C39 /* Sources */,
				BCCB36EE21541BCF00114C39 /* Frameworks */,
				BCCB36EF21541BCF00114C39 /* Resources */,
				BED6AD14AC0075BFF35F7E74 /* [CP] Embed Pods Frameworks */,
			);
			buildRules = (
			);
			dependencies = (
			);
			name = AirGalicia;
			productName = AirGalicia;
			productReference = BCCB36F121541BCF00114C39 /* AirGalicia.app */;
			productType = "com.apple.product-type.application";
		};
		BCCB370621541BD000114C39 /* AirGaliciaTests */ = {
			isa = PBXNativeTarget;
			buildConfigurationList = BCCB371E21541BD000114C39 /* Build configuration list for PBXNativeTarget "AirGaliciaTests" */;
			buildPhases = (
				0C891FE9C131F502C09CC835 /* [CP] Check Pods Manifest.lock */,
				BCCB370321541BD000114C39 /* Sources */,
				BCCB370421541BD000114C39 /* Frameworks */,
				BCCB370521541BD000114C39 /* Resources */,
			);
			buildRules = (
			);
			dependencies = (
				BCCB370921541BD000114C39 /* PBXTargetDependency */,
			);
			name = AirGaliciaTests;
			productName = AirGaliciaTests;
			productReference = BCCB370721541BD000114C39 /* AirGaliciaTests.xctest */;
			productType = "com.apple.product-type.bundle.unit-test";
		};
		BCCB371121541BD000114C39 /* AirGaliciaUITests */ = {
			isa = PBXNativeTarget;
			buildConfigurationList = BCCB372121541BD000114C39 /* Build configuration list for PBXNativeTarget "AirGaliciaUITests" */;
			buildPhases = (
				FF01F6100F1E35857B92C676 /* [CP] Check Pods Manifest.lock */,
				BCCB370E21541BD000114C39 /* Sources */,
				BCCB370F21541BD000114C39 /* Frameworks */,
				BCCB371021541BD000114C39 /* Resources */,
			);
			buildRules = (
			);
			dependencies = (
				BCCB371421541BD000114C39 /* PBXTargetDependency */,
			);
			name = AirGaliciaUITests;
			productName = AirGaliciaUITests;
			productReference = BCCB371221541BD000114C39 /* AirGaliciaUITests.xctest */;
			productType = "com.apple.product-type.bundle.ui-testing";
		};
/* End PBXNativeTarget section */

/* Begin PBXProject section */
		BCCB36E921541BCF00114C39 /* Project object */ = {
			isa = PBXProject;
			attributes = {
				LastSwiftUpdateCheck = 1000;
				LastUpgradeCheck = 1000;
				ORGANIZATIONNAME = "Yurii Dvornyk";
				TargetAttributes = {
					BCCB36F021541BCF00114C39 = {
						CreatedOnToolsVersion = 10.0;
					};
					BCCB370621541BD000114C39 = {
						CreatedOnToolsVersion = 10.0;
						TestTargetID = BCCB36F021541BCF00114C39;
					};
					BCCB371121541BD000114C39 = {
						CreatedOnToolsVersion = 10.0;
						TestTargetID = BCCB36F021541BCF00114C39;
					};
				};
			};
			buildConfigurationList = BCCB36EC21541BCF00114C39 /* Build configuration list for PBXProject "AirGalicia" */;
			compatibilityVersion = "Xcode 9.3";
			developmentRegion = en;
			hasScannedForEncodings = 0;
			knownRegions = (
				en,
				Base,
			);
			mainGroup = BCCB36E821541BCF00114C39;
			productRefGroup = BCCB36F221541BCF00114C39 /* Products */;
			projectDirPath = "";
			projectRoot = "";
			targets = (
				BCCB36F021541BCF00114C39 /* AirGalicia */,
				BCCB370621541BD000114C39 /* AirGaliciaTests */,
				BCCB371121541BD000114C39 /* AirGaliciaUITests */,
			);
		};
/* End PBXProject section */

/* Begin PBXResourcesBuildPhase section */
		BCCB36EF21541BCF00114C39 /* Resources */ = {
			isa = PBXResourcesBuildPhase;
			buildActionMask = 2147483647;
			files = (
				BCCB370121541BD000114C39 /* LaunchScreen.storyboard in Resources */,
				BCCB372B215425F600114C39 /* Assets.xcassets in Resources */,
				BC268BB9215F9A1800FE9FD4 /* Podfile in Resources */,
				BCCB36FC21541BCF00114C39 /* Main.storyboard in Resources */,
			);
			runOnlyForDeploymentPostprocessing = 0;
		};
		BCCB370521541BD000114C39 /* Resources */ = {
			isa = PBXResourcesBuildPhase;
			buildActionMask = 2147483647;
			files = (
			);
			runOnlyForDeploymentPostprocessing = 0;
		};
		BCCB371021541BD000114C39 /* Resources */ = {
			isa = PBXResourcesBuildPhase;
			buildActionMask = 2147483647;
			files = (
			);
			runOnlyForDeploymentPostprocessing = 0;
		};
/* End PBXResourcesBuildPhase section */

/* Begin PBXShellScriptBuildPhase section */
		0C891FE9C131F502C09CC835 /* [CP] Check Pods Manifest.lock */ = {
			isa = PBXShellScriptBuildPhase;
			buildActionMask = 2147483647;
			files = (
			);
			inputFileListPaths = (
			);
			inputPaths = (
				"${PODS_PODFILE_DIR_PATH}/Podfile.lock",
				"${PODS_ROOT}/Manifest.lock",
			);
			name = "[CP] Check Pods Manifest.lock";
			outputFileListPaths = (
			);
			outputPaths = (
				"$(DERIVED_FILE_DIR)/Pods-AirGaliciaTests-checkManifestLockResult.txt",
			);
			runOnlyForDeploymentPostprocessing = 0;
			shellPath = /bin/sh;
			shellScript = "diff \"${PODS_PODFILE_DIR_PATH}/Podfile.lock\" \"${PODS_ROOT}/Manifest.lock\" > /dev/null\nif [ $? != 0 ] ; then\n    # print error to STDERR\n    echo \"error: The sandbox is not in sync with the Podfile.lock. Run 'pod install' or update your CocoaPods installation.\" >&2\n    exit 1\nfi\n# This output is used by Xcode 'outputs' to avoid re-running this script phase.\necho \"SUCCESS\" > \"${SCRIPT_OUTPUT_FILE_0}\"\n";
			showEnvVarsInLog = 0;
		};
		7A01EDE341B7721B852DE256 /* [CP] Check Pods Manifest.lock */ = {
			isa = PBXShellScriptBuildPhase;
			buildActionMask = 2147483647;
			files = (
			);
			inputFileListPaths = (
			);
			inputPaths = (
				"${PODS_PODFILE_DIR_PATH}/Podfile.lock",
				"${PODS_ROOT}/Manifest.lock",
			);
			name = "[CP] Check Pods Manifest.lock";
			outputFileListPaths = (
			);
			outputPaths = (
				"$(DERIVED_FILE_DIR)/Pods-AirGalicia-checkManifestLockResult.txt",
			);
			runOnlyForDeploymentPostprocessing = 0;
			shellPath = /bin/sh;
			shellScript = "diff \"${PODS_PODFILE_DIR_PATH}/Podfile.lock\" \"${PODS_ROOT}/Manifest.lock\" > /dev/null\nif [ $? != 0 ] ; then\n    # print error to STDERR\n    echo \"error: The sandbox is not in sync with the Podfile.lock. Run 'pod install' or update your CocoaPods installation.\" >&2\n    exit 1\nfi\n# This output is used by Xcode 'outputs' to avoid re-running this script phase.\necho \"SUCCESS\" > \"${SCRIPT_OUTPUT_FILE_0}\"\n";
			showEnvVarsInLog = 0;
		};
		BED6AD14AC0075BFF35F7E74 /* [CP] Embed Pods Frameworks */ = {
			isa = PBXShellScriptBuildPhase;
			buildActionMask = 2147483647;
			files = (
			);
			inputFileListPaths = (
			);
			inputPaths = (
				"${SRCROOT}/Pods/Target Support Files/Pods-AirGalicia/Pods-AirGalicia-frameworks.sh",
				"${BUILT_PRODUCTS_DIR}/FSCalendar/FSCalendar.framework",
			);
			name = "[CP] Embed Pods Frameworks";
			outputFileListPaths = (
			);
			outputPaths = (
				"${TARGET_BUILD_DIR}/${FRAMEWORKS_FOLDER_PATH}/FSCalendar.framework",
			);
			runOnlyForDeploymentPostprocessing = 0;
			shellPath = /bin/sh;
			shellScript = "\"${SRCROOT}/Pods/Target Support Files/Pods-AirGalicia/Pods-AirGalicia-frameworks.sh\"\n";
			showEnvVarsInLog = 0;
		};
		FF01F6100F1E35857B92C676 /* [CP] Check Pods Manifest.lock */ = {
			isa = PBXShellScriptBuildPhase;
			buildActionMask = 2147483647;
			files = (
			);
			inputFileListPaths = (
			);
			inputPaths = (
				"${PODS_PODFILE_DIR_PATH}/Podfile.lock",
				"${PODS_ROOT}/Manifest.lock",
			);
			name = "[CP] Check Pods Manifest.lock";
			outputFileListPaths = (
			);
			outputPaths = (
				"$(DERIVED_FILE_DIR)/Pods-AirGaliciaUITests-checkManifestLockResult.txt",
			);
			runOnlyForDeploymentPostprocessing = 0;
			shellPath = /bin/sh;
			shellScript = "diff \"${PODS_PODFILE_DIR_PATH}/Podfile.lock\" \"${PODS_ROOT}/Manifest.lock\" > /dev/null\nif [ $? != 0 ] ; then\n    # print error to STDERR\n    echo \"error: The sandbox is not in sync with the Podfile.lock. Run 'pod install' or update your CocoaPods installation.\" >&2\n    exit 1\nfi\n# This output is used by Xcode 'outputs' to avoid re-running this script phase.\necho \"SUCCESS\" > \"${SCRIPT_OUTPUT_FILE_0}\"\n";
			showEnvVarsInLog = 0;
		};
/* End PBXShellScriptBuildPhase section */

/* Begin PBXSourcesBuildPhase section */
		BCCB36ED21541BCF00114C39 /* Sources */ = {
			isa = PBXSourcesBuildPhase;
			buildActionMask = 2147483647;
			files = (
				BC201231215AE24F00F98B7A /* Airport.swift in Sources */,
				BCE38233217A32F700C37C21 /* PassengersViewController.swift in Sources */,
				BC20122F215AE21D00F98B7A /* ApiManager.swift in Sources */,
				BC20123C215D7E2900F98B7A /* Schedule.swift in Sources */,
				BC414CD22161036100649D6F /* Util.swift in Sources */,
				BCCB372721541F1C00114C39 /* BoardingPassesViewController.swift in Sources */,
				BC20123A215D6B4200F98B7A /* AirportSearchCell.swift in Sources */,
				BC414CCE2161028A00649D6F /* BoardingPass.swift in Sources */,
				BC0410BD217B620300EE2C01 /* PassengerTableViewCell.swift in Sources */,
				BC20123E215D7F8900F98B7A /* Timetable.swift in Sources */,
				BC414CD521611AA000649D6F /* FlightDateViewController.swift in Sources */,
				BCCB36F921541BCF00114C39 /* TripsViewController.swift in Sources */,
				BCCB37292154201600114C39 /* AccountViewController.swift in Sources */,
				BC414CCA2161003900649D6F /* Passenger.swift in Sources */,
				BCE4178F21545570001A71D2 /* AirportsViewController.swift in Sources */,
				BCCB372521541C9000114C39 /* BaseViewController.swift in Sources */,
				BCCB36F521541BCF00114C39 /* AppDelegate.swift in Sources */,
				BC414CCC2161025000649D6F /* Booking.swift in Sources */,
				BCCB36F721541BCF00114C39 /* SearchViewController.swift in Sources */,
			);
			runOnlyForDeploymentPostprocessing = 0;
		};
		BCCB370321541BD000114C39 /* Sources */ = {
			isa = PBXSourcesBuildPhase;
			buildActionMask = 2147483647;
			files = (
				BCCB370C21541BD000114C39 /* AirGaliciaTests.swift in Sources */,
			);
			runOnlyForDeploymentPostprocessing = 0;
		};
		BCCB370E21541BD000114C39 /* Sources */ = {
			isa = PBXSourcesBuildPhase;
			buildActionMask = 2147483647;
			files = (
				BCCB371721541BD000114C39 /* AirGaliciaUITests.swift in Sources */,
			);
			runOnlyForDeploymentPostprocessing = 0;
		};
/* End PBXSourcesBuildPhase section */

/* Begin PBXTargetDependency section */
		BCCB370921541BD000114C39 /* PBXTargetDependency */ = {
			isa = PBXTargetDependency;
			target = BCCB36F021541BCF00114C39 /* AirGalicia */;
			targetProxy = BCCB370821541BD000114C39 /* PBXContainerItemProxy */;
		};
		BCCB371421541BD000114C39 /* PBXTargetDependency */ = {
			isa = PBXTargetDependency;
			target = BCCB36F021541BCF00114C39 /* AirGalicia */;
			targetProxy = BCCB371321541BD000114C39 /* PBXContainerItemProxy */;
		};
/* End PBXTargetDependency section */

/* Begin PBXVariantGroup section */
		BCCB36FA21541BCF00114C39 /* Main.storyboard */ = {
			isa = PBXVariantGroup;
			children = (
				BCCB36FB21541BCF00114C39 /* Base */,
			);
			name = Main.storyboard;
			sourceTree = "<group>";
		};
		BCCB36FF21541BD000114C39 /* LaunchScreen.storyboard */ = {
			isa = PBXVariantGroup;
			children = (
				BCCB370021541BD000114C39 /* Base */,
			);
			name = LaunchScreen.storyboard;
			sourceTree = "<group>";
		};
/* End PBXVariantGroup section */

/* Begin XCBuildConfiguration section */
		BCCB371921541BD000114C39 /* Debug */ = {
			isa = XCBuildConfiguration;
			buildSettings = {
				ALWAYS_SEARCH_USER_PATHS = NO;
				CLANG_ANALYZER_NONNULL = YES;
				CLANG_ANALYZER_NUMBER_OBJECT_CONVERSION = YES_AGGRESSIVE;
				CLANG_CXX_LANGUAGE_STANDARD = "gnu++14";
				CLANG_CXX_LIBRARY = "libc++";
				CLANG_ENABLE_MODULES = YES;
				CLANG_ENABLE_OBJC_ARC = YES;
				CLANG_ENABLE_OBJC_WEAK = YES;
				CLANG_WARN_BLOCK_CAPTURE_AUTORELEASING = YES;
				CLANG_WARN_BOOL_CONVERSION = YES;
				CLANG_WARN_COMMA = YES;
				CLANG_WARN_CONSTANT_CONVERSION = YES;
				CLANG_WARN_DEPRECATED_OBJC_IMPLEMENTATIONS = YES;
				CLANG_WARN_DIRECT_OBJC_ISA_USAGE = YES_ERROR;
				CLANG_WARN_DOCUMENTATION_COMMENTS = YES;
				CLANG_WARN_EMPTY_BODY = YES;
				CLANG_WARN_ENUM_CONVERSION = YES;
				CLANG_WARN_INFINITE_RECURSION = YES;
				CLANG_WARN_INT_CONVERSION = YES;
				CLANG_WARN_NON_LITERAL_NULL_CONVERSION = YES;
				CLANG_WARN_OBJC_IMPLICIT_RETAIN_SELF = YES;
				CLANG_WARN_OBJC_LITERAL_CONVERSION = YES;
				CLANG_WARN_OBJC_ROOT_CLASS = YES_ERROR;
				CLANG_WARN_RANGE_LOOP_ANALYSIS = YES;
				CLANG_WARN_STRICT_PROTOTYPES = YES;
				CLANG_WARN_SUSPICIOUS_MOVE = YES;
				CLANG_WARN_UNGUARDED_AVAILABILITY = YES_AGGRESSIVE;
				CLANG_WARN_UNREACHABLE_CODE = YES;
				CLANG_WARN__DUPLICATE_METHOD_MATCH = YES;
				CODE_SIGN_IDENTITY = "iPhone Developer";
				COPY_PHASE_STRIP = NO;
				DEBUG_INFORMATION_FORMAT = dwarf;
				ENABLE_STRICT_OBJC_MSGSEND = YES;
				ENABLE_TESTABILITY = YES;
				GCC_C_LANGUAGE_STANDARD = gnu11;
				GCC_DYNAMIC_NO_PIC = NO;
				GCC_NO_COMMON_BLOCKS = YES;
				GCC_OPTIMIZATION_LEVEL = 0;
				GCC_PREPROCESSOR_DEFINITIONS = (
					"DEBUG=1",
					"$(inherited)",
				);
				GCC_WARN_64_TO_32_BIT_CONVERSION = YES;
				GCC_WARN_ABOUT_RETURN_TYPE = YES_ERROR;
				GCC_WARN_UNDECLARED_SELECTOR = YES;
				GCC_WARN_UNINITIALIZED_AUTOS = YES_AGGRESSIVE;
				GCC_WARN_UNUSED_FUNCTION = YES;
				GCC_WARN_UNUSED_VARIABLE = YES;
				IPHONEOS_DEPLOYMENT_TARGET = 12.0;
				MTL_ENABLE_DEBUG_INFO = INCLUDE_SOURCE;
				MTL_FAST_MATH = YES;
				ONLY_ACTIVE_ARCH = YES;
				SDKROOT = iphoneos;
				SWIFT_ACTIVE_COMPILATION_CONDITIONS = DEBUG;
				SWIFT_OPTIMIZATION_LEVEL = "-Onone";
			};
			name = Debug;
		};
		BCCB371A21541BD000114C39 /* Release */ = {
			isa = XCBuildConfiguration;
			buildSettings = {
				ALWAYS_SEARCH_USER_PATHS = NO;
				CLANG_ANALYZER_NONNULL = YES;
				CLANG_ANALYZER_NUMBER_OBJECT_CONVERSION = YES_AGGRESSIVE;
				CLANG_CXX_LANGUAGE_STANDARD = "gnu++14";
				CLANG_CXX_LIBRARY = "libc++";
				CLANG_ENABLE_MODULES = YES;
				CLANG_ENABLE_OBJC_ARC = YES;
				CLANG_ENABLE_OBJC_WEAK = YES;
				CLANG_WARN_BLOCK_CAPTURE_AUTORELEASING = YES;
				CLANG_WARN_BOOL_CONVERSION = YES;
				CLANG_WARN_COMMA = YES;
				CLANG_WARN_CONSTANT_CONVERSION = YES;
				CLANG_WARN_DEPRECATED_OBJC_IMPLEMENTATIONS = YES;
				CLANG_WARN_DIRECT_OBJC_ISA_USAGE = YES_ERROR;
				CLANG_WARN_DOCUMENTATION_COMMENTS = YES;
				CLANG_WARN_EMPTY_BODY = YES;
				CLANG_WARN_ENUM_CONVERSION = YES;
				CLANG_WARN_INFINITE_RECURSION = YES;
				CLANG_WARN_INT_CONVERSION = YES;
				CLANG_WARN_NON_LITERAL_NULL_CONVERSION = YES;
				CLANG_WARN_OBJC_IMPLICIT_RETAIN_SELF = YES;
				CLANG_WARN_OBJC_LITERAL_CONVERSION = YES;
				CLANG_WARN_OBJC_ROOT_CLASS = YES_ERROR;
				CLANG_WARN_RANGE_LOOP_ANALYSIS = YES;
				CLANG_WARN_STRICT_PROTOTYPES = YES;
				CLANG_WARN_SUSPICIOUS_MOVE = YES;
				CLANG_WARN_UNGUARDED_AVAILABILITY = YES_AGGRESSIVE;
				CLANG_WARN_UNREACHABLE_CODE = YES;
				CLANG_WARN__DUPLICATE_METHOD_MATCH = YES;
				CODE_SIGN_IDENTITY = "iPhone Developer";
				COPY_PHASE_STRIP = NO;
				DEBUG_INFORMATION_FORMAT = "dwarf-with-dsym";
				ENABLE_NS_ASSERTIONS = NO;
				ENABLE_STRICT_OBJC_MSGSEND = YES;
				GCC_C_LANGUAGE_STANDARD = gnu11;
				GCC_NO_COMMON_BLOCKS = YES;
				GCC_WARN_64_TO_32_BIT_CONVERSION = YES;
				GCC_WARN_ABOUT_RETURN_TYPE = YES_ERROR;
				GCC_WARN_UNDECLARED_SELECTOR = YES;
				GCC_WARN_UNINITIALIZED_AUTOS = YES_AGGRESSIVE;
				GCC_WARN_UNUSED_FUNCTION = YES;
				GCC_WARN_UNUSED_VARIABLE = YES;
				IPHONEOS_DEPLOYMENT_TARGET = 12.0;
				MTL_ENABLE_DEBUG_INFO = NO;
				MTL_FAST_MATH = YES;
				SDKROOT = iphoneos;
				SWIFT_COMPILATION_MODE = wholemodule;
				SWIFT_OPTIMIZATION_LEVEL = "-O";
				VALIDATE_PRODUCT = YES;
			};
			name = Release;
		};
		BCCB371C21541BD000114C39 /* Debug */ = {
			isa = XCBuildConfiguration;
			baseConfigurationReference = 4DAC3301A2893EE17823577B /* Pods-AirGalicia.debug.xcconfig */;
			buildSettings = {
				ASSETCATALOG_COMPILER_APPICON_NAME = AppIcon;
				CODE_SIGN_STYLE = Automatic;
				DEVELOPMENT_TEAM = 5LNKJ8Z7X6;
				INFOPLIST_FILE = AirGalicia/Info.plist;
				LD_RUNPATH_SEARCH_PATHS = (
					"$(inherited)",
					"@executable_path/Frameworks",
				);
				PRODUCT_BUNDLE_IDENTIFIER = com.ydvornyk.AirGalicia;
				PRODUCT_NAME = "$(TARGET_NAME)";
				SWIFT_VERSION = 4.2;
				TARGETED_DEVICE_FAMILY = "1,2";
			};
			name = Debug;
		};
		BCCB371D21541BD000114C39 /* Release */ = {
			isa = XCBuildConfiguration;
			baseConfigurationReference = 50F1EABFA048A46B9E6D03F9 /* Pods-AirGalicia.release.xcconfig */;
			buildSettings = {
				ASSETCATALOG_COMPILER_APPICON_NAME = AppIcon;
				CODE_SIGN_STYLE = Automatic;
				DEVELOPMENT_TEAM = 5LNKJ8Z7X6;
				INFOPLIST_FILE = AirGalicia/Info.plist;
				LD_RUNPATH_SEARCH_PATHS = (
					"$(inherited)",
					"@executable_path/Frameworks",
				);
				PRODUCT_BUNDLE_IDENTIFIER = com.ydvornyk.AirGalicia;
				PRODUCT_NAME = "$(TARGET_NAME)";
				SWIFT_VERSION = 4.2;
				TARGETED_DEVICE_FAMILY = "1,2";
			};
			name = Release;
		};
		BCCB371F21541BD000114C39 /* Debug */ = {
			isa = XCBuildConfiguration;
			baseConfigurationReference = 87C95D3067890ECF5D334AEF /* Pods-AirGaliciaTests.debug.xcconfig */;
			buildSettings = {
				ALWAYS_EMBED_SWIFT_STANDARD_LIBRARIES = YES;
				BUNDLE_LOADER = "$(TEST_HOST)";
				CODE_SIGN_STYLE = Automatic;
				DEVELOPMENT_TEAM = 5LNKJ8Z7X6;
				INFOPLIST_FILE = AirGaliciaTests/Info.plist;
				LD_RUNPATH_SEARCH_PATHS = (
					"$(inherited)",
					"@executable_path/Frameworks",
					"@loader_path/Frameworks",
				);
				PRODUCT_BUNDLE_IDENTIFIER = com.ydvornyk.AirGaliciaTests;
				PRODUCT_NAME = "$(TARGET_NAME)";
				SWIFT_VERSION = 4.2;
				TARGETED_DEVICE_FAMILY = "1,2";
				TEST_HOST = "$(BUILT_PRODUCTS_DIR)/AirGalicia.app/AirGalicia";
			};
			name = Debug;
		};
		BCCB372021541BD000114C39 /* Release */ = {
			isa = XCBuildConfiguration;
			baseConfigurationReference = D3D77605D15EEF7DAAF362B1 /* Pods-AirGaliciaTests.release.xcconfig */;
			buildSettings = {
				ALWAYS_EMBED_SWIFT_STANDARD_LIBRARIES = YES;
				BUNDLE_LOADER = "$(TEST_HOST)";
				CODE_SIGN_STYLE = Automatic;
				DEVELOPMENT_TEAM = 5LNKJ8Z7X6;
				INFOPLIST_FILE = AirGaliciaTests/Info.plist;
				LD_RUNPATH_SEARCH_PATHS = (
					"$(inherited)",
					"@executable_path/Frameworks",
					"@loader_path/Frameworks",
				);
				PRODUCT_BUNDLE_IDENTIFIER = com.ydvornyk.AirGaliciaTests;
				PRODUCT_NAME = "$(TARGET_NAME)";
				SWIFT_VERSION = 4.2;
				TARGETED_DEVICE_FAMILY = "1,2";
				TEST_HOST = "$(BUILT_PRODUCTS_DIR)/AirGalicia.app/AirGalicia";
			};
			name = Release;
		};
		BCCB372221541BD000114C39 /* Debug */ = {
			isa = XCBuildConfiguration;
			baseConfigurationReference = 8419A39DD15142B5F6B1E14C /* Pods-AirGaliciaUITests.debug.xcconfig */;
			buildSettings = {
				ALWAYS_EMBED_SWIFT_STANDARD_LIBRARIES = YES;
				CODE_SIGN_STYLE = Automatic;
				DEVELOPMENT_TEAM = 5LNKJ8Z7X6;
				INFOPLIST_FILE = AirGaliciaUITests/Info.plist;
				LD_RUNPATH_SEARCH_PATHS = (
					"$(inherited)",
					"@executable_path/Frameworks",
					"@loader_path/Frameworks",
				);
				PRODUCT_BUNDLE_IDENTIFIER = com.ydvornyk.AirGaliciaUITests;
				PRODUCT_NAME = "$(TARGET_NAME)";
				SWIFT_VERSION = 4.2;
				TARGETED_DEVICE_FAMILY = "1,2";
				TEST_TARGET_NAME = AirGalicia;
			};
			name = Debug;
		};
		BCCB372321541BD000114C39 /* Release */ = {
			isa = XCBuildConfiguration;
			baseConfigurationReference = 36649AEFF41B50993C35DA8D /* Pods-AirGaliciaUITests.release.xcconfig */;
			buildSettings = {
				ALWAYS_EMBED_SWIFT_STANDARD_LIBRARIES = YES;
				CODE_SIGN_STYLE = Automatic;
				DEVELOPMENT_TEAM = 5LNKJ8Z7X6;
				INFOPLIST_FILE = AirGaliciaUITests/Info.plist;
				LD_RUNPATH_SEARCH_PATHS = (
					"$(inherited)",
					"@executable_path/Frameworks",
					"@loader_path/Frameworks",
				);
				PRODUCT_BUNDLE_IDENTIFIER = com.ydvornyk.AirGaliciaUITests;
				PRODUCT_NAME = "$(TARGET_NAME)";
				SWIFT_VERSION = 4.2;
				TARGETED_DEVICE_FAMILY = "1,2";
				TEST_TARGET_NAME = AirGalicia;
			};
			name = Release;
		};
/* End XCBuildConfiguration section */

/* Begin XCConfigurationList section */
		BCCB36EC21541BCF00114C39 /* Build configuration list for PBXProject "AirGalicia" */ = {
			isa = XCConfigurationList;
			buildConfigurations = (
				BCCB371921541BD000114C39 /* Debug */,
				BCCB371A21541BD000114C39 /* Release */,
			);
			defaultConfigurationIsVisible = 0;
			defaultConfigurationName = Release;
		};
		BCCB371B21541BD000114C39 /* Build configuration list for PBXNativeTarget "AirGalicia" */ = {
			isa = XCConfigurationList;
			buildConfigurations = (
				BCCB371C21541BD000114C39 /* Debug */,
				BCCB371D21541BD000114C39 /* Release */,
			);
			defaultConfigurationIsVisible = 0;
			defaultConfigurationName = Release;
		};
		BCCB371E21541BD000114C39 /* Build configuration list for PBXNativeTarget "AirGaliciaTests" */ = {
			isa = XCConfigurationList;
			buildConfigurations = (
				BCCB371F21541BD000114C39 /* Debug */,
				BCCB372021541BD000114C39 /* Release */,
			);
			defaultConfigurationIsVisible = 0;
			defaultConfigurationName = Release;
		};
		BCCB372121541BD000114C39 /* Build configuration list for PBXNativeTarget "AirGaliciaUITests" */ = {
			isa = XCConfigurationList;
			buildConfigurations = (
				BCCB372221541BD000114C39 /* Debug */,
				BCCB372321541BD000114C39 /* Release */,
			);
			defaultConfigurationIsVisible = 0;
			defaultConfigurationName = Release;
		};
/* End XCConfigurationList section */
	};
	rootObject = BCCB36E921541BCF00114C39 /* Project object */;
}
